
Microsoft Visual Studio Solution File, Format Version 12.00
# Visual Studio Version 16
VisualStudioVersion = 16.0.33920.266
MinimumVisualStudioVersion = 10.0.40219.1
Project("{FAE04EC0-301F-11D3-BF4B-00C04F79EFBC}") = "HourlySalesReport", "HourlySalesReport\HourlySalesReport.csproj", "{AB4BFCDB-2923-4371-86B6-3F6654A4690A}"
EndProject
Global
	GlobalSection(SolutionConfigurationPlatforms) = preSolution
		Debug|Any CPU = Debug|Any CPU
		Release|Any CPU = Release|Any CPU
	EndGlobalSection
	GlobalSection(ProjectConfigurationPlatforms) = postSolution
		{AB4BFCDB-2923-4371-86B6-3F6654A4690A}.Debug|Any CPU.ActiveCfg = Debug|Any CPU
		{AB4BFCDB-2923-4371-86B6-3F6654A4690A}.Debug|Any CPU.Build.0 = Debug|Any CPU
		{AB4BFCDB-2923-4371-86B6-3F6654A4690A}.Release|Any CPU.ActiveCfg = Release|Any CPU
		{AB4BFCDB-2923-4371-86B6-3F6654A4690A}.Release|Any CPU.Build.0 = Release|Any CPU
	EndGlobalSection
	GlobalSection(SolutionProperties) = preSolution
		HideSolutionNode = FALSE
	EndGlobalSection
	GlobalSection(ExtensibilityGlobals) = postSolution
		SolutionGuid = {2C4B0890-2C7E-44F8-8F5D-410C5F9EAA6E}
	EndGlobalSection
EndGlobal
